
Microsoft Visual Studio Solution File, Format Version 12.00
# Visual Studio Version 17
VisualStudioVersion = 17.3.32929.385
MinimumVisualStudioVersion = 10.0.40219.1
Project("{888888A0-9F3D-457C-B088-3A5042F75D52}") = "AWS - Aumentar o Volume do EBS automaticamente", "AWS - Aumentar o Volume do EBS automaticamente\AWS - Aumentar o Volume do EBS automaticamente.pyproj", "{92611FCD-6991-4006-BB22-B3A55AED9A3C}"
EndProject
Global
	GlobalSection(SolutionConfigurationPlatforms) = preSolution
		Debug|Any CPU = Debug|Any CPU
		Release|Any CPU = Release|Any CPU
	EndGlobalSection
	GlobalSection(ProjectConfigurationPlatforms) = postSolution
		{92611FCD-6991-4006-BB22-B3A55AED9A3C}.Debug|Any CPU.ActiveCfg = Debug|Any CPU
		{92611FCD-6991-4006-BB22-B3A55AED9A3C}.Release|Any CPU.ActiveCfg = Release|Any CPU
	EndGlobalSection
	GlobalSection(SolutionProperties) = preSolution
		HideSolutionNode = FALSE
	EndGlobalSection
	GlobalSection(ExtensibilityGlobals) = postSolution
		SolutionGuid = {6F060DFA-4115-4CC1-8DEF-F5677920ADB7}
	EndGlobalSection
EndGlobal
